
Microsoft Visual Studio Solution File, Format Version 12.00
# Visual Studio Version 17
VisualStudioVersion = 17.10.35004.147
MinimumVisualStudioVersion = 10.0.40219.1
Project("{9A19103F-16F7-4668-BE54-9A1E7A4F7556}") = "Dev.Tools", "src\Dev.Tools\Dev.Tools.csproj", "{2A7861B9-DB8C-4393-BBB1-FD412671D647}"
EndProject
Project("{2150E333-8FDC-42A3-9474-1A3956D46DE8}") = "src", "src", "{3B830F53-5F46-4E64-B653-F6C152551B0A}"
EndProject
Project("{2150E333-8FDC-42A3-9474-1A3956D46DE8}") = "tests", "tests", "{BF4ADCD4-FFD4-48E5-B2D8-05A1EC767BAE}"
EndProject
Project("{2150E333-8FDC-42A3-9474-1A3956D46DE8}") = "Solution Items", "Solution Items", "{0AD9C0B4-FCEF-4B97-8042-399E8385F8DD}"
	ProjectSection(SolutionItems) = preProject
		.editorconfig = .editorconfig
		Directory.Build.props = Directory.Build.props
		Directory.Build.targets = Directory.Build.targets
		README.md = README.md
	EndProjectSection
EndProject
Project("{9A19103F-16F7-4668-BE54-9A1E7A4F7556}") = "Dev.Tools.Tests", "tests\Dev.Tools.Tests\Dev.Tools.Tests.csproj", "{399E622D-E800-4E7D-A5FA-2A4CEC9594AF}"
EndProject
Project("{9A19103F-16F7-4668-BE54-9A1E7A4F7556}") = "Dev.Tools.Console", "src\Dev.Tools.Console\Dev.Tools.Console.csproj", "{06F9C990-F39B-4DC4-A627-38E779ECD1A9}"
EndProject
Project("{9A19103F-16F7-4668-BE54-9A1E7A4F7556}") = "Dev.Tools.Core", "src\Dev.Tools.Core\Dev.Tools.Core.csproj", "{ABBDBB48-0E17-44B3-BD29-389318DC7D14}"
EndProject
Project("{9A19103F-16F7-4668-BE54-9A1E7A4F7556}") = "Dev.Tools.Generators", "src\Dev.Tools.Generators\Dev.Tools.Generators.csproj", "{9B8451A6-4BC4-4B2E-90BB-E41DA519FF7C}"
EndProject
Project("{9A19103F-16F7-4668-BE54-9A1E7A4F7556}") = "Dev.Tools.Analyzers", "src\Dev.Tools.Analyzers\Dev.Tools.Analyzers.csproj", "{5F11249E-1536-4D52-81AE-4444BECC517E}"
EndProject
Project("{FAE04EC0-301F-11D3-BF4B-00C04F79EFBC}") = "Dev.Tools.Api", "src\Dev.Tools.Api\Dev.Tools.Api.csproj", "{30440451-59D5-4737-A57A-B42451296D3B}"
EndProject
Global
	GlobalSection(SolutionConfigurationPlatforms) = preSolution
		Debug|Any CPU = Debug|Any CPU
		Release|Any CPU = Release|Any CPU
	EndGlobalSection
	GlobalSection(ProjectConfigurationPlatforms) = postSolution
		{2A7861B9-DB8C-4393-BBB1-FD412671D647}.Debug|Any CPU.ActiveCfg = Debug|Any CPU
		{2A7861B9-DB8C-4393-BBB1-FD412671D647}.Debug|Any CPU.Build.0 = Debug|Any CPU
		{2A7861B9-DB8C-4393-BBB1-FD412671D647}.Release|Any CPU.ActiveCfg = Release|Any CPU
		{2A7861B9-DB8C-4393-BBB1-FD412671D647}.Release|Any CPU.Build.0 = Release|Any CPU
		{399E622D-E800-4E7D-A5FA-2A4CEC9594AF}.Debug|Any CPU.ActiveCfg = Debug|Any CPU
		{399E622D-E800-4E7D-A5FA-2A4CEC9594AF}.Debug|Any CPU.Build.0 = Debug|Any CPU
		{399E622D-E800-4E7D-A5FA-2A4CEC9594AF}.Release|Any CPU.ActiveCfg = Release|Any CPU
		{399E622D-E800-4E7D-A5FA-2A4CEC9594AF}.Release|Any CPU.Build.0 = Release|Any CPU
		{06F9C990-F39B-4DC4-A627-38E779ECD1A9}.Debug|Any CPU.ActiveCfg = Debug|Any CPU
		{06F9C990-F39B-4DC4-A627-38E779ECD1A9}.Debug|Any CPU.Build.0 = Debug|Any CPU
		{06F9C990-F39B-4DC4-A627-38E779ECD1A9}.Release|Any CPU.ActiveCfg = Release|Any CPU
		{06F9C990-F39B-4DC4-A627-38E779ECD1A9}.Release|Any CPU.Build.0 = Release|Any CPU
		{ABBDBB48-0E17-44B3-BD29-389318DC7D14}.Debug|Any CPU.ActiveCfg = Debug|Any CPU
		{ABBDBB48-0E17-44B3-BD29-389318DC7D14}.Debug|Any CPU.Build.0 = Debug|Any CPU
		{ABBDBB48-0E17-44B3-BD29-389318DC7D14}.Release|Any CPU.ActiveCfg = Release|Any CPU
		{ABBDBB48-0E17-44B3-BD29-389318DC7D14}.Release|Any CPU.Build.0 = Release|Any CPU
		{9B8451A6-4BC4-4B2E-90BB-E41DA519FF7C}.Debug|Any CPU.ActiveCfg = Debug|Any CPU
		{9B8451A6-4BC4-4B2E-90BB-E41DA519FF7C}.Debug|Any CPU.Build.0 = Debug|Any CPU
		{9B8451A6-4BC4-4B2E-90BB-E41DA519FF7C}.Release|Any CPU.ActiveCfg = Release|Any CPU
		{9B8451A6-4BC4-4B2E-90BB-E41DA519FF7C}.Release|Any CPU.Build.0 = Release|Any CPU
		{5F11249E-1536-4D52-81AE-4444BECC517E}.Debug|Any CPU.ActiveCfg = Debug|Any CPU
		{5F11249E-1536-4D52-81AE-4444BECC517E}.Debug|Any CPU.Build.0 = Debug|Any CPU
		{5F11249E-1536-4D52-81AE-4444BECC517E}.Release|Any CPU.ActiveCfg = Release|Any CPU
		{5F11249E-1536-4D52-81AE-4444BECC517E}.Release|Any CPU.Build.0 = Release|Any CPU
		{30440451-59D5-4737-A57A-B42451296D3B}.Debug|Any CPU.ActiveCfg = Debug|Any CPU
		{30440451-59D5-4737-A57A-B42451296D3B}.Debug|Any CPU.Build.0 = Debug|Any CPU
		{30440451-59D5-4737-A57A-B42451296D3B}.Release|Any CPU.ActiveCfg = Release|Any CPU
		{30440451-59D5-4737-A57A-B42451296D3B}.Release|Any CPU.Build.0 = Release|Any CPU
	EndGlobalSection
	GlobalSection(SolutionProperties) = preSolution
		HideSolutionNode = FALSE
	EndGlobalSection
	GlobalSection(NestedProjects) = preSolution
		{2A7861B9-DB8C-4393-BBB1-FD412671D647} = {3B830F53-5F46-4E64-B653-F6C152551B0A}
		{399E622D-E800-4E7D-A5FA-2A4CEC9594AF} = {BF4ADCD4-FFD4-48E5-B2D8-05A1EC767BAE}
		{06F9C990-F39B-4DC4-A627-38E779ECD1A9} = {3B830F53-5F46-4E64-B653-F6C152551B0A}
		{ABBDBB48-0E17-44B3-BD29-389318DC7D14} = {3B830F53-5F46-4E64-B653-F6C152551B0A}
		{9B8451A6-4BC4-4B2E-90BB-E41DA519FF7C} = {3B830F53-5F46-4E64-B653-F6C152551B0A}
		{5F11249E-1536-4D52-81AE-4444BECC517E} = {3B830F53-5F46-4E64-B653-F6C152551B0A}
		{30440451-59D5-4737-A57A-B42451296D3B} = {3B830F53-5F46-4E64-B653-F6C152551B0A}
	EndGlobalSection
	GlobalSection(ExtensibilityGlobals) = postSolution
		SolutionGuid = {65BA532B-EA4E-4DFF-A83F-799348DF0297}
	EndGlobalSection
EndGlobal
